
Microsoft Visual Studio Solution File, Format Version 12.00
# Visual Studio Version 16
VisualStudioVersion = 16.0.31624.102
MinimumVisualStudioVersion = 10.0.40219.1
Project("{FAE04EC0-301F-11D3-BF4B-00C04F79EFBC}") = "KonsultApp", "KonsultApp\KonsultApp.csproj", "{68428816-40AB-4ACA-A76F-F90802AD0373}"
EndProject
Global
	GlobalSection(SolutionConfigurationPlatforms) = preSolution
		Debug|Any CPU = Debug|Any CPU
		Release|Any CPU = Release|Any CPU
	EndGlobalSection
	GlobalSection(ProjectConfigurationPlatforms) = postSolution
		{68428816-40AB-4ACA-A76F-F90802AD0373}.Debug|Any CPU.ActiveCfg = Debug|Any CPU
		{68428816-40AB-4ACA-A76F-F90802AD0373}.Debug|Any CPU.Build.0 = Debug|Any CPU
		{68428816-40AB-4ACA-A76F-F90802AD0373}.Release|Any CPU.ActiveCfg = Release|Any CPU
		{68428816-40AB-4ACA-A76F-F90802AD0373}.Release|Any CPU.Build.0 = Release|Any CPU
	EndGlobalSection
	GlobalSection(SolutionProperties) = preSolution
		HideSolutionNode = FALSE
	EndGlobalSection
	GlobalSection(ExtensibilityGlobals) = postSolution
		SolutionGuid = {6DA9E40C-EEB4-4B96-B178-A2872E57A60D}
	EndGlobalSection
EndGlobal
